
Microsoft Visual Studio Solution File, Format Version 12.00
# Visual Studio Version 16
VisualStudioVersion = 16.0.29926.136
MinimumVisualStudioVersion = 10.0.40219.1
Project("{9A19103F-16F7-4668-BE54-9A1E7A4F7556}") = "BeaconClient", "BeaconClient\BeaconClient\BeaconClient.csproj", "{D18EB1B9-8540-4017-BB73-671ECC1D06B6}"
EndProject
Project("{FAE04EC0-301F-11D3-BF4B-00C04F79EFBC}") = "BeaconClient.Android", "BeaconClient\BeaconClient.Android\BeaconClient.Android.csproj", "{128F7935-83A9-4E77-BBD2-00D1B8C9B34E}"
EndProject
Project("{FAE04EC0-301F-11D3-BF4B-00C04F79EFBC}") = "BeaconClient.iOS", "BeaconClient\BeaconClient.iOS\BeaconClient.iOS.csproj", "{BD63C4C3-88C9-4CD9-BEA6-5D911A256BDC}"
EndProject
Project("{FAE04EC0-301F-11D3-BF4B-00C04F79EFBC}") = "BeaconClient.Windows", "BeaconClient.Windows\BeaconClient.Windows.csproj", "{F334821B-D9C4-4B94-A211-63BB56BE3D74}"
EndProject
Project("{FAE04EC0-301F-11D3-BF4B-00C04F79EFBC}") = "BeaconClient.Mac", "BeaconClient.Mac\BeaconClient.Mac.csproj", "{11732F50-38E4-434D-B510-57233943AC52}"
EndProject
Global
	GlobalSection(SolutionConfigurationPlatforms) = preSolution
		Ad-Hoc|Any CPU = Ad-Hoc|Any CPU
		Ad-Hoc|iPhone = Ad-Hoc|iPhone
		Ad-Hoc|iPhoneSimulator = Ad-Hoc|iPhoneSimulator
		AppStore|Any CPU = AppStore|Any CPU
		AppStore|iPhone = AppStore|iPhone
		AppStore|iPhoneSimulator = AppStore|iPhoneSimulator
		Debug|Any CPU = Debug|Any CPU
		Debug|iPhone = Debug|iPhone
		Debug|iPhoneSimulator = Debug|iPhoneSimulator
		Release|Any CPU = Release|Any CPU
		Release|iPhone = Release|iPhone
		Release|iPhoneSimulator = Release|iPhoneSimulator
	EndGlobalSection
	GlobalSection(ProjectConfigurationPlatforms) = postSolution
		{D18EB1B9-8540-4017-BB73-671ECC1D06B6}.Ad-Hoc|Any CPU.ActiveCfg = Release|Any CPU
		{D18EB1B9-8540-4017-BB73-671ECC1D06B6}.Ad-Hoc|Any CPU.Build.0 = Release|Any CPU
		{D18EB1B9-8540-4017-BB73-671ECC1D06B6}.Ad-Hoc|iPhone.ActiveCfg = Debug|Any CPU
		{D18EB1B9-8540-4017-BB73-671ECC1D06B6}.Ad-Hoc|iPhone.Build.0 = Debug|Any CPU
		{D18EB1B9-8540-4017-BB73-671ECC1D06B6}.Ad-Hoc|iPhoneSimulator.ActiveCfg = Release|Any CPU
		{D18EB1B9-8540-4017-BB73-671ECC1D06B6}.Ad-Hoc|iPhoneSimulator.Build.0 = Release|Any CPU
		{D18EB1B9-8540-4017-BB73-671ECC1D06B6}.AppStore|Any CPU.ActiveCfg = Release|Any CPU
		{D18EB1B9-8540-4017-BB73-671ECC1D06B6}.AppStore|Any CPU.Build.0 = Release|Any CPU
		{D18EB1B9-8540-4017-BB73-671ECC1D06B6}.AppStore|iPhone.ActiveCfg = Debug|Any CPU
		{D18EB1B9-8540-4017-BB73-671ECC1D06B6}.AppStore|iPhone.Build.0 = Debug|Any CPU
		{D18EB1B9-8540-4017-BB73-671ECC1D06B6}.AppStore|iPhoneSimulator.ActiveCfg = Release|Any CPU
		{D18EB1B9-8540-4017-BB73-671ECC1D06B6}.AppStore|iPhoneSimulator.Build.0 = Release|Any CPU
		{D18EB1B9-8540-4017-BB73-671ECC1D06B6}.Debug|Any CPU.ActiveCfg = Debug|Any CPU
		{D18EB1B9-8540-4017-BB73-671ECC1D06B6}.Debug|Any CPU.Build.0 = Debug|Any CPU
		{D18EB1B9-8540-4017-BB73-671ECC1D06B6}.Debug|iPhone.ActiveCfg = Debug|Any CPU
		{D18EB1B9-8540-4017-BB73-671ECC1D06B6}.Debug|iPhone.Build.0 = Debug|Any CPU
		{D18EB1B9-8540-4017-BB73-671ECC1D06B6}.Debug|iPhoneSimulator.ActiveCfg = Debug|Any CPU
		{D18EB1B9-8540-4017-BB73-671ECC1D06B6}.Debug|iPhoneSimulator.Build.0 = Debug|Any CPU
		{D18EB1B9-8540-4017-BB73-671ECC1D06B6}.Release|Any CPU.ActiveCfg = Release|Any CPU
		{D18EB1B9-8540-4017-BB73-671ECC1D06B6}.Release|Any CPU.Build.0 = Release|Any CPU
		{D18EB1B9-8540-4017-BB73-671ECC1D06B6}.Release|iPhone.ActiveCfg = Release|Any CPU
		{D18EB1B9-8540-4017-BB73-671ECC1D06B6}.Release|iPhone.Build.0 = Release|Any CPU
		{D18EB1B9-8540-4017-BB73-671ECC1D06B6}.Release|iPhoneSimulator.ActiveCfg = Release|Any CPU
		{D18EB1B9-8540-4017-BB73-671ECC1D06B6}.Release|iPhoneSimulator.Build.0 = Release|Any CPU
		{128F7935-83A9-4E77-BBD2-00D1B8C9B34E}.Ad-Hoc|Any CPU.ActiveCfg = Release|Any CPU
		{128F7935-83A9-4E77-BBD2-00D1B8C9B34E}.Ad-Hoc|Any CPU.Build.0 = Release|Any CPU
		{128F7935-83A9-4E77-BBD2-00D1B8C9B34E}.Ad-Hoc|Any CPU.Deploy.0 = Release|Any CPU
		{128F7935-83A9-4E77-BBD2-00D1B8C9B34E}.Ad-Hoc|iPhone.ActiveCfg = Debug|Any CPU
		{128F7935-83A9-4E77-BBD2-00D1B8C9B34E}.Ad-Hoc|iPhone.Build.0 = Debug|Any CPU
		{128F7935-83A9-4E77-BBD2-00D1B8C9B34E}.Ad-Hoc|iPhone.Deploy.0 = Debug|Any CPU
		{128F7935-83A9-4E77-BBD2-00D1B8C9B34E}.Ad-Hoc|iPhoneSimulator.ActiveCfg = Release|Any CPU
		{128F7935-83A9-4E77-BBD2-00D1B8C9B34E}.Ad-Hoc|iPhoneSimulator.Build.0 = Release|Any CPU
		{128F7935-83A9-4E77-BBD2-00D1B8C9B34E}.Ad-Hoc|iPhoneSimulator.Deploy.0 = Release|Any CPU
		{128F7935-83A9-4E77-BBD2-00D1B8C9B34E}.AppStore|Any CPU.ActiveCfg = Release|Any CPU
		{128F7935-83A9-4E77-BBD2-00D1B8C9B34E}.AppStore|Any CPU.Build.0 = Release|Any CPU
		{128F7935-83A9-4E77-BBD2-00D1B8C9B34E}.AppStore|Any CPU.Deploy.0 = Release|Any CPU
		{128F7935-83A9-4E77-BBD2-00D1B8C9B34E}.AppStore|iPhone.ActiveCfg = Debug|Any CPU
		{128F7935-83A9-4E77-BBD2-00D1B8C9B34E}.AppStore|iPhone.Build.0 = Debug|Any CPU
		{128F7935-83A9-4E77-BBD2-00D1B8C9B34E}.AppStore|iPhone.Deploy.0 = Debug|Any CPU
		{128F7935-83A9-4E77-BBD2-00D1B8C9B34E}.AppStore|iPhoneSimulator.ActiveCfg = Release|Any CPU
		{128F7935-83A9-4E77-BBD2-00D1B8C9B34E}.AppStore|iPhoneSimulator.Build.0 = Release|Any CPU
		{128F7935-83A9-4E77-BBD2-00D1B8C9B34E}.AppStore|iPhoneSimulator.Deploy.0 = Release|Any CPU
		{128F7935-83A9-4E77-BBD2-00D1B8C9B34E}.Debug|Any CPU.ActiveCfg = Debug|Any CPU
		{128F7935-83A9-4E77-BBD2-00D1B8C9B34E}.Debug|Any CPU.Build.0 = Debug|Any CPU
		{128F7935-83A9-4E77-BBD2-00D1B8C9B34E}.Debug|Any CPU.Deploy.0 = Debug|Any CPU
		{128F7935-83A9-4E77-BBD2-00D1B8C9B34E}.Debug|iPhone.ActiveCfg = Debug|Any CPU
		{128F7935-83A9-4E77-BBD2-00D1B8C9B34E}.Debug|iPhone.Build.0 = Debug|Any CPU
		{128F7935-83A9-4E77-BBD2-00D1B8C9B34E}.Debug|iPhone.Deploy.0 = Debug|Any CPU
		{128F7935-83A9-4E77-BBD2-00D1B8C9B34E}.Debug|iPhoneSimulator.ActiveCfg = Debug|Any CPU
		{128F7935-83A9-4E77-BBD2-00D1B8C9B34E}.Debug|iPhoneSimulator.Build.0 = Debug|Any CPU
		{128F7935-83A9-4E77-BBD2-00D1B8C9B34E}.Debug|iPhoneSimulator.Deploy.0 = Debug|Any CPU
		{128F7935-83A9-4E77-BBD2-00D1B8C9B34E}.Release|Any CPU.ActiveCfg = Release|Any CPU
		{128F7935-83A9-4E77-BBD2-00D1B8C9B34E}.Release|Any CPU.Build.0 = Release|Any CPU
		{128F7935-83A9-4E77-BBD2-00D1B8C9B34E}.Release|Any CPU.Deploy.0 = Release|Any CPU
		{128F7935-83A9-4E77-BBD2-00D1B8C9B34E}.Release|iPhone.ActiveCfg = Release|Any CPU
		{128F7935-83A9-4E77-BBD2-00D1B8C9B34E}.Release|iPhone.Build.0 = Release|Any CPU
		{128F7935-83A9-4E77-BBD2-00D1B8C9B34E}.Release|iPhone.Deploy.0 = Release|Any CPU
		{128F7935-83A9-4E77-BBD2-00D1B8C9B34E}.Release|iPhoneSimulator.ActiveCfg = Release|Any CPU
		{128F7935-83A9-4E77-BBD2-00D1B8C9B34E}.Release|iPhoneSimulator.Build.0 = Release|Any CPU
		{128F7935-83A9-4E77-BBD2-00D1B8C9B34E}.Release|iPhoneSimulator.Deploy.0 = Release|Any CPU
		{BD63C4C3-88C9-4CD9-BEA6-5D911A256BDC}.Ad-Hoc|Any CPU.ActiveCfg = Ad-Hoc|iPhoneSimulator
		{BD63C4C3-88C9-4CD9-BEA6-5D911A256BDC}.Ad-Hoc|iPhone.ActiveCfg = Ad-Hoc|iPhone
		{BD63C4C3-88C9-4CD9-BEA6-5D911A256BDC}.Ad-Hoc|iPhone.Build.0 = Ad-Hoc|iPhone
		{BD63C4C3-88C9-4CD9-BEA6-5D911A256BDC}.Ad-Hoc|iPhone.Deploy.0 = Ad-Hoc|iPhone
		{BD63C4C3-88C9-4CD9-BEA6-5D911A256BDC}.Ad-Hoc|iPhoneSimulator.ActiveCfg = Ad-Hoc|iPhoneSimulator
		{BD63C4C3-88C9-4CD9-BEA6-5D911A256BDC}.Ad-Hoc|iPhoneSimulator.Build.0 = Ad-Hoc|iPhoneSimulator
		{BD63C4C3-88C9-4CD9-BEA6-5D911A256BDC}.AppStore|Any CPU.ActiveCfg = AppStore|iPhoneSimulator
		{BD63C4C3-88C9-4CD9-BEA6-5D911A256BDC}.AppStore|iPhone.ActiveCfg = AppStore|iPhone
		{BD63C4C3-88C9-4CD9-BEA6-5D911A256BDC}.AppStore|iPhone.Build.0 = AppStore|iPhone
		{BD63C4C3-88C9-4CD9-BEA6-5D911A256BDC}.AppStore|iPhone.Deploy.0 = AppStore|iPhone
		{BD63C4C3-88C9-4CD9-BEA6-5D911A256BDC}.AppStore|iPhoneSimulator.ActiveCfg = AppStore|iPhoneSimulator
		{BD63C4C3-88C9-4CD9-BEA6-5D911A256BDC}.AppStore|iPhoneSimulator.Build.0 = AppStore|iPhoneSimulator
		{BD63C4C3-88C9-4CD9-BEA6-5D911A256BDC}.Debug|Any CPU.ActiveCfg = Debug|iPhoneSimulator
		{BD63C4C3-88C9-4CD9-BEA6-5D911A256BDC}.Debug|Any CPU.Build.0 = Debug|iPhoneSimulator
		{BD63C4C3-88C9-4CD9-BEA6-5D911A256BDC}.Debug|Any CPU.Deploy.0 = Debug|iPhoneSimulator
		{BD63C4C3-88C9-4CD9-BEA6-5D911A256BDC}.Debug|iPhone.ActiveCfg = Debug|iPhone
		{BD63C4C3-88C9-4CD9-BEA6-5D911A256BDC}.Debug|iPhone.Build.0 = Debug|iPhone
		{BD63C4C3-88C9-4CD9-BEA6-5D911A256BDC}.Debug|iPhone.Deploy.0 = Debug|iPhone
		{BD63C4C3-88C9-4CD9-BEA6-5D911A256BDC}.Debug|iPhoneSimulator.ActiveCfg = Debug|iPhoneSimulator
		{BD63C4C3-88C9-4CD9-BEA6-5D911A256BDC}.Debug|iPhoneSimulator.Build.0 = Debug|iPhoneSimulator
		{BD63C4C3-88C9-4CD9-BEA6-5D911A256BDC}.Debug|iPhoneSimulator.Deploy.0 = Debug|iPhoneSimulator
		{BD63C4C3-88C9-4CD9-BEA6-5D911A256BDC}.Release|Any CPU.ActiveCfg = Release|iPhoneSimulator
		{BD63C4C3-88C9-4CD9-BEA6-5D911A256BDC}.Release|Any CPU.Build.0 = Release|iPhoneSimulator
		{BD63C4C3-88C9-4CD9-BEA6-5D911A256BDC}.Release|Any CPU.Deploy.0 = Release|iPhoneSimulator
		{BD63C4C3-88C9-4CD9-BEA6-5D911A256BDC}.Release|iPhone.ActiveCfg = Release|iPhone
		{BD63C4C3-88C9-4CD9-BEA6-5D911A256BDC}.Release|iPhone.Build.0 = Release|iPhone
		{BD63C4C3-88C9-4CD9-BEA6-5D911A256BDC}.Release|iPhone.Deploy.0 = Release|iPhone
		{BD63C4C3-88C9-4CD9-BEA6-5D911A256BDC}.Release|iPhoneSimulator.ActiveCfg = Release|iPhoneSimulator
		{BD63C4C3-88C9-4CD9-BEA6-5D911A256BDC}.Release|iPhoneSimulator.Build.0 = Release|iPhoneSimulator
		{BD63C4C3-88C9-4CD9-BEA6-5D911A256BDC}.Release|iPhoneSimulator.Deploy.0 = Release|iPhoneSimulator
		{F334821B-D9C4-4B94-A211-63BB56BE3D74}.Ad-Hoc|Any CPU.ActiveCfg = Release|Any CPU
		{F334821B-D9C4-4B94-A211-63BB56BE3D74}.Ad-Hoc|Any CPU.Build.0 = Release|Any CPU
		{F334821B-D9C4-4B94-A211-63BB56BE3D74}.Ad-Hoc|iPhone.ActiveCfg = Debug|Any CPU
		{F334821B-D9C4-4B94-A211-63BB56BE3D74}.Ad-Hoc|iPhone.Build.0 = Debug|Any CPU
		{F334821B-D9C4-4B94-A211-63BB56BE3D74}.Ad-Hoc|iPhoneSimulator.ActiveCfg = Release|Any CPU
		{F334821B-D9C4-4B94-A211-63BB56BE3D74}.Ad-Hoc|iPhoneSimulator.Build.0 = Release|Any CPU
		{F334821B-D9C4-4B94-A211-63BB56BE3D74}.AppStore|Any CPU.ActiveCfg = Release|Any CPU
		{F334821B-D9C4-4B94-A211-63BB56BE3D74}.AppStore|Any CPU.Build.0 = Release|Any CPU
		{F334821B-D9C4-4B94-A211-63BB56BE3D74}.AppStore|iPhone.ActiveCfg = Debug|Any CPU
		{F334821B-D9C4-4B94-A211-63BB56BE3D74}.AppStore|iPhone.Build.0 = Debug|Any CPU
		{F334821B-D9C4-4B94-A211-63BB56BE3D74}.AppStore|iPhoneSimulator.ActiveCfg = Release|Any CPU
		{F334821B-D9C4-4B94-A211-63BB56BE3D74}.AppStore|iPhoneSimulator.Build.0 = Release|Any CPU
		{F334821B-D9C4-4B94-A211-63BB56BE3D74}.Debug|Any CPU.ActiveCfg = Debug|Any CPU
		{F334821B-D9C4-4B94-A211-63BB56BE3D74}.Debug|Any CPU.Build.0 = Debug|Any CPU
		{F334821B-D9C4-4B94-A211-63BB56BE3D74}.Debug|iPhone.ActiveCfg = Debug|Any CPU
		{F334821B-D9C4-4B94-A211-63BB56BE3D74}.Debug|iPhone.Build.0 = Debug|Any CPU
		{F334821B-D9C4-4B94-A211-63BB56BE3D74}.Debug|iPhoneSimulator.ActiveCfg = Debug|Any CPU
		{F334821B-D9C4-4B94-A211-63BB56BE3D74}.Debug|iPhoneSimulator.Build.0 = Debug|Any CPU
		{F334821B-D9C4-4B94-A211-63BB56BE3D74}.Release|Any CPU.ActiveCfg = Release|Any CPU
		{F334821B-D9C4-4B94-A211-63BB56BE3D74}.Release|Any CPU.Build.0 = Release|Any CPU
		{F334821B-D9C4-4B94-A211-63BB56BE3D74}.Release|iPhone.ActiveCfg = Release|Any CPU
		{F334821B-D9C4-4B94-A211-63BB56BE3D74}.Release|iPhone.Build.0 = Release|Any CPU
		{F334821B-D9C4-4B94-A211-63BB56BE3D74}.Release|iPhoneSimulator.ActiveCfg = Release|Any CPU
		{F334821B-D9C4-4B94-A211-63BB56BE3D74}.Release|iPhoneSimulator.Build.0 = Release|Any CPU
		{11732F50-38E4-434D-B510-57233943AC52}.Ad-Hoc|Any CPU.ActiveCfg = Release|x86
		{11732F50-38E4-434D-B510-57233943AC52}.Ad-Hoc|Any CPU.Build.0 = Release|x86
		{11732F50-38E4-434D-B510-57233943AC52}.Ad-Hoc|iPhone.ActiveCfg = Debug|x86
		{11732F50-38E4-434D-B510-57233943AC52}.Ad-Hoc|iPhone.Build.0 = Debug|x86
		{11732F50-38E4-434D-B510-57233943AC52}.Ad-Hoc|iPhoneSimulator.ActiveCfg = Release|x86
		{11732F50-38E4-434D-B510-57233943AC52}.Ad-Hoc|iPhoneSimulator.Build.0 = Release|x86
		{11732F50-38E4-434D-B510-57233943AC52}.AppStore|Any CPU.ActiveCfg = Release|x86
		{11732F50-38E4-434D-B510-57233943AC52}.AppStore|Any CPU.Build.0 = Release|x86
		{11732F50-38E4-434D-B510-57233943AC52}.AppStore|iPhone.ActiveCfg = Debug|x86
		{11732F50-38E4-434D-B510-57233943AC52}.AppStore|iPhone.Build.0 = Debug|x86
		{11732F50-38E4-434D-B510-57233943AC52}.AppStore|iPhoneSimulator.ActiveCfg = Release|x86
		{11732F50-38E4-434D-B510-57233943AC52}.AppStore|iPhoneSimulator.Build.0 = Release|x86
		{11732F50-38E4-434D-B510-57233943AC52}.Debug|Any CPU.ActiveCfg = Debug|x86
		{11732F50-38E4-434D-B510-57233943AC52}.Debug|Any CPU.Build.0 = Debug|x86
		{11732F50-38E4-434D-B510-57233943AC52}.Debug|iPhone.ActiveCfg = Debug|x86
		{11732F50-38E4-434D-B510-57233943AC52}.Debug|iPhone.Build.0 = Debug|x86
		{11732F50-38E4-434D-B510-57233943AC52}.Debug|iPhoneSimulator.ActiveCfg = Debug|x86
		{11732F50-38E4-434D-B510-57233943AC52}.Debug|iPhoneSimulator.Build.0 = Debug|x86
		{11732F50-38E4-434D-B510-57233943AC52}.Release|Any CPU.ActiveCfg = Release|x86
		{11732F50-38E4-434D-B510-57233943AC52}.Release|Any CPU.Build.0 = Release|x86
		{11732F50-38E4-434D-B510-57233943AC52}.Release|iPhone.ActiveCfg = Release|x86
		{11732F50-38E4-434D-B510-57233943AC52}.Release|iPhone.Build.0 = Release|x86
		{11732F50-38E4-434D-B510-57233943AC52}.Release|iPhoneSimulator.ActiveCfg = Release|x86
		{11732F50-38E4-434D-B510-57233943AC52}.Release|iPhoneSimulator.Build.0 = Release|x86
	EndGlobalSection
	GlobalSection(SolutionProperties) = preSolution
		HideSolutionNode = FALSE
	EndGlobalSection
	GlobalSection(ExtensibilityGlobals) = postSolution
		SolutionGuid = {344012F1-57F9-443F-9B51-C66EC50AC586}
	EndGlobalSection
EndGlobal
